
Microsoft Visual Studio Solution File, Format Version 12.00
# Visual Studio Version 17
VisualStudioVersion = 17.1.32228.430
MinimumVisualStudioVersion = 10.0.40219.1
Project("{9A19103F-16F7-4668-BE54-9A1E7A4F7556}") = "SWSH_OWRNG_Generator.Core", "SWSH_OWRNG_Generator.Core\SWSH_OWRNG_Generator.Core.csproj", "{0E5CFFC5-4813-455C-BA30-34A4753531B1}"
EndProject
Project("{9A19103F-16F7-4668-BE54-9A1E7A4F7556}") = "SWSH_OWRNG_Generator.WinForms", "SWSH_OWRNG_Generator.WinForms\SWSH_OWRNG_Generator.WinForms.csproj", "{9B3AD25C-E664-4EA1-A341-31F1B0ABCB5D}"
EndProject
Global
	GlobalSection(SolutionConfigurationPlatforms) = preSolution
		Debug|Any CPU = Debug|Any CPU
		Release|Any CPU = Release|Any CPU
	EndGlobalSection
	GlobalSection(ProjectConfigurationPlatforms) = postSolution
		{0E5CFFC5-4813-455C-BA30-34A4753531B1}.Debug|Any CPU.ActiveCfg = Debug|Any CPU
		{0E5CFFC5-4813-455C-BA30-34A4753531B1}.Debug|Any CPU.Build.0 = Debug|Any CPU
		{0E5CFFC5-4813-455C-BA30-34A4753531B1}.Release|Any CPU.ActiveCfg = Release|Any CPU
		{0E5CFFC5-4813-455C-BA30-34A4753531B1}.Release|Any CPU.Build.0 = Release|Any CPU
		{9B3AD25C-E664-4EA1-A341-31F1B0ABCB5D}.Debug|Any CPU.ActiveCfg = Debug|Any CPU
		{9B3AD25C-E664-4EA1-A341-31F1B0ABCB5D}.Debug|Any CPU.Build.0 = Debug|Any CPU
		{9B3AD25C-E664-4EA1-A341-31F1B0ABCB5D}.Release|Any CPU.ActiveCfg = Release|Any CPU
		{9B3AD25C-E664-4EA1-A341-31F1B0ABCB5D}.Release|Any CPU.Build.0 = Release|Any CPU
	EndGlobalSection
	GlobalSection(SolutionProperties) = preSolution
		HideSolutionNode = FALSE
	EndGlobalSection
	GlobalSection(ExtensibilityGlobals) = postSolution
		SolutionGuid = {284CD1BB-8614-4ACC-83C6-95BEA0542DC8}
	EndGlobalSection
EndGlobal
